
Microsoft Visual Studio Solution File, Format Version 12.00
# Visual Studio Version 16
VisualStudioVersion = 16.0.30804.86
MinimumVisualStudioVersion = 10.0.40219.1
Project("{FAE04EC0-301F-11D3-BF4B-00C04F79EFBC}") = "Moore C Kuijpers Assesment", "Moore C Kuijpers Assesment\Moore C Kuijpers Assesment.csproj", "{43425760-1270-4268-9D4E-1C237145052B}"
EndProject
Global
	GlobalSection(SolutionConfigurationPlatforms) = preSolution
		Debug|Any CPU = Debug|Any CPU
		Release|Any CPU = Release|Any CPU
	EndGlobalSection
	GlobalSection(ProjectConfigurationPlatforms) = postSolution
		{43425760-1270-4268-9D4E-1C237145052B}.Debug|Any CPU.ActiveCfg = Debug|Any CPU
		{43425760-1270-4268-9D4E-1C237145052B}.Debug|Any CPU.Build.0 = Debug|Any CPU
		{43425760-1270-4268-9D4E-1C237145052B}.Release|Any CPU.ActiveCfg = Release|Any CPU
		{43425760-1270-4268-9D4E-1C237145052B}.Release|Any CPU.Build.0 = Release|Any CPU
	EndGlobalSection
	GlobalSection(SolutionProperties) = preSolution
		HideSolutionNode = FALSE
	EndGlobalSection
	GlobalSection(ExtensibilityGlobals) = postSolution
		SolutionGuid = {ACE8F15D-78FC-4EE5-9D65-B0F39F36D53B}
	EndGlobalSection
EndGlobal
